
Microsoft Visual Studio Solution File, Format Version 12.00
# Visual Studio 15
Project("{FAE04EC0-301F-11D3-BF4B-00C04F79EFBC}") = "Scripts", "Scripts.csproj", "{B4B74BC0-6076-3691-DCA6-BF89461ABF61}"
EndProject
Project("{FAE04EC0-301F-11D3-BF4B-00C04F79EFBC}") = "EditorTests", "EditorTests.csproj", "{A8CC266C-5810-690A-ECE4-B36BC05E7C6F}"
EndProject
Global
	GlobalSection(SolutionConfigurationPlatforms) = preSolution
		Debug|Any CPU = Debug|Any CPU
		Release|Any CPU = Release|Any CPU
	EndGlobalSection
	GlobalSection(ProjectConfigurationPlatforms) = postSolution
		{B4B74BC0-6076-3691-DCA6-BF89461ABF61}.Debug|Any CPU.ActiveCfg = Debug|Any CPU
		{B4B74BC0-6076-3691-DCA6-BF89461ABF61}.Debug|Any CPU.Build.0 = Debug|Any CPU
		{B4B74BC0-6076-3691-DCA6-BF89461ABF61}.Release|Any CPU.ActiveCfg = Release|Any CPU
		{B4B74BC0-6076-3691-DCA6-BF89461ABF61}.Release|Any CPU.Build.0 = Release|Any CPU
		{A8CC266C-5810-690A-ECE4-B36BC05E7C6F}.Debug|Any CPU.ActiveCfg = Debug|Any CPU
		{A8CC266C-5810-690A-ECE4-B36BC05E7C6F}.Debug|Any CPU.Build.0 = Debug|Any CPU
		{A8CC266C-5810-690A-ECE4-B36BC05E7C6F}.Release|Any CPU.ActiveCfg = Release|Any CPU
		{A8CC266C-5810-690A-ECE4-B36BC05E7C6F}.Release|Any CPU.Build.0 = Release|Any CPU
	EndGlobalSection
	GlobalSection(SolutionProperties) = preSolution
		HideSolutionNode = FALSE
	EndGlobalSection
EndGlobal
