
Microsoft Visual Studio Solution File, Format Version 12.00
# Visual Studio Version 17
VisualStudioVersion = 17.4.33403.182
MinimumVisualStudioVersion = 10.0.40219.1
Project("{FAE04EC0-301F-11D3-BF4B-00C04F79EFBC}") = "MatchGame", "MatchGame.csproj", "{9BFFB0D8-8B8E-42BE-BE53-9CA9B78A59C6}"
EndProject
Global
	GlobalSection(SolutionConfigurationPlatforms) = preSolution
		Debug|Any CPU = Debug|Any CPU
		Release|Any CPU = Release|Any CPU
	EndGlobalSection
	GlobalSection(ProjectConfigurationPlatforms) = postSolution
		{9BFFB0D8-8B8E-42BE-BE53-9CA9B78A59C6}.Debug|Any CPU.ActiveCfg = Debug|Any CPU
		{9BFFB0D8-8B8E-42BE-BE53-9CA9B78A59C6}.Debug|Any CPU.Build.0 = Debug|Any CPU
		{9BFFB0D8-8B8E-42BE-BE53-9CA9B78A59C6}.Release|Any CPU.ActiveCfg = Release|Any CPU
		{9BFFB0D8-8B8E-42BE-BE53-9CA9B78A59C6}.Release|Any CPU.Build.0 = Release|Any CPU
	EndGlobalSection
	GlobalSection(SolutionProperties) = preSolution
		HideSolutionNode = FALSE
	EndGlobalSection
	GlobalSection(ExtensibilityGlobals) = postSolution
		SolutionGuid = {CD612972-4CA1-4398-A7C6-0A96B8C75D52}
	EndGlobalSection
EndGlobal
